// !$*UTF8*$!
{
	archiveVersion = 1;
	classes = {
	};
	objectVersion = 45;
	objects = {

/* Begin PBXBuildFile section */
		920F92F614B058B800A03FFE /* Carbon.framework in Frameworks */ = {isa = PBXBuildFile; fileRef = 920F92F514B058B800A03FFE /* Carbon.framework */; };
		9219F9E1201B901300270C1E /* MantaMulti.cpp in Sources */ = {isa = PBXBuildFile; fileRef = 9219F9DA201B901200270C1E /* MantaMulti.cpp */; };
		9219F9E2201B901300270C1E /* Manta.cpp in Sources */ = {isa = PBXBuildFile; fileRef = 9219F9DB201B901200270C1E /* Manta.cpp */; };
		9219F9E3201B901300270C1E /* MantaUSB.cpp in Sources */ = {isa = PBXBuildFile; fileRef = 9219F9DF201B901300270C1E /* MantaUSB.cpp */; };
		9219F9E9201B952600270C1E /* hid.c in Sources */ = {isa = PBXBuildFile; fileRef = 9219F9E7201B952600270C1E /* hid.c */; };
		9219F9EC201B95B900270C1E /* IOKit.framework in Frameworks */ = {isa = PBXBuildFile; fileRef = 9219F9EB201B95B900270C1E /* IOKit.framework */; };
		922974CF12A70E6200406390 /* CoreServices.framework in Frameworks */ = {isa = PBXBuildFile; fileRef = 922974CE12A70E6200406390 /* CoreServices.framework */; };
		928A222F12A9DCAE00700D79 /* libedit.a in Frameworks */ = {isa = PBXBuildFile; fileRef = 928A222D12A9DCAE00700D79 /* libedit.a */; };
		929A3EE82D4B57EB00A37BC3 /* VM.cpp in Sources */ = {isa = PBXBuildFile; fileRef = 929A3EE62D4B57EB00A37BC3 /* VM.cpp */; };
		929A3EE92D4B57EB00A37BC3 /* primes.cpp in Sources */ = {isa = PBXBuildFile; fileRef = 929A3EDC2D4B57EB00A37BC3 /* primes.cpp */; };
		929A3EEA2D4B57EB00A37BC3 /* dsp.cpp in Sources */ = {isa = PBXBuildFile; fileRef = 929A3ECD2D4B57EB00A37BC3 /* dsp.cpp */; };
		929A3EEB2D4B57EB00A37BC3 /* RCObj.cpp in Sources */ = {isa = PBXBuildFile; fileRef = 929A3EDE2D4B57EB00A37BC3 /* RCObj.cpp */; };
		929A3EEC2D4B57EB00A37BC3 /* FilterUGens.cpp in Sources */ = {isa = PBXBuildFile; fileRef = 929A3ED02D4B57EB00A37BC3 /* FilterUGens.cpp */; };
		929A3EED2D4B57EB00A37BC3 /* CoreOps.cpp in Sources */ = {isa = PBXBuildFile; fileRef = 929A3ECB2D4B57EB00A37BC3 /* CoreOps.cpp */; };
		929A3EEE2D4B57EB00A37BC3 /* ErrorCodes.cpp in Sources */ = {isa = PBXBuildFile; fileRef = 929A3ECF2D4B57EB00A37BC3 /* ErrorCodes.cpp */; };
		929A3EEF2D4B57EB00A37BC3 /* OscilUGens.cpp in Sources */ = {isa = PBXBuildFile; fileRef = 929A3ED92D4B57EB00A37BC3 /* OscilUGens.cpp */; };
		929A3EF02D4B57EB00A37BC3 /* Types.cpp in Sources */ = {isa = PBXBuildFile; fileRef = 929A3EE42D4B57EB00A37BC3 /* Types.cpp */; };
		929A3EF12D4B57EB00A37BC3 /* Object.cpp in Sources */ = {isa = PBXBuildFile; fileRef = 929A3ED72D4B57EB00A37BC3 /* Object.cpp */; };
		929A3EF22D4B57EB00A37BC3 /* Spectrogram.cpp in Sources */ = {isa = PBXBuildFile; fileRef = 929A3EE12D4B57EB00A37BC3 /* Spectrogram.cpp */; };
		929A3EF32D4B57EB00A37BC3 /* Parser.cpp in Sources */ = {isa = PBXBuildFile; fileRef = 929A3EDA2D4B57EB00A37BC3 /* Parser.cpp */; };
		929A3EF42D4B57EB00A37BC3 /* UGen.cpp in Sources */ = {isa = PBXBuildFile; fileRef = 929A3EE52D4B57EB00A37BC3 /* UGen.cpp */; };
		929A3EF52D4B57EB00A37BC3 /* main.cpp in Sources */ = {isa = PBXBuildFile; fileRef = 929A3ED12D4B57EB00A37BC3 /* main.cpp */; };
		929A3EF62D4B57EB00A37BC3 /* Play.cpp in Sources */ = {isa = PBXBuildFile; fileRef = 929A3EDB2D4B57EB00A37BC3 /* Play.cpp */; };
		929A3EF72D4B57EB00A37BC3 /* Opcode.cpp in Sources */ = {isa = PBXBuildFile; fileRef = 929A3ED82D4B57EB00A37BC3 /* Opcode.cpp */; };
		929A3EF82D4B57EB00A37BC3 /* elapsedTime.cpp in Sources */ = {isa = PBXBuildFile; fileRef = 929A3ECE2D4B57EB00A37BC3 /* elapsedTime.cpp */; };
		929A3EF92D4B57EB00A37BC3 /* MathOps.cpp in Sources */ = {isa = PBXBuildFile; fileRef = 929A3ED42D4B57EB00A37BC3 /* MathOps.cpp */; };
		929A3EFA2D4B57EB00A37BC3 /* SetOps.cpp in Sources */ = {isa = PBXBuildFile; fileRef = 929A3EDF2D4B57EB00A37BC3 /* SetOps.cpp */; };
		929A3EFB2D4B57EB00A37BC3 /* SoundFiles.cpp in Sources */ = {isa = PBXBuildFile; fileRef = 929A3EE02D4B57EB00A37BC3 /* SoundFiles.cpp */; };
		929A3EFC2D4B57EB00A37BC3 /* makeImage.mm in Sources */ = {isa = PBXBuildFile; fileRef = 929A3ED22D4B57EB00A37BC3 /* makeImage.mm */; };
		929A3EFD2D4B57EB00A37BC3 /* MultichannelExpansion.cpp in Sources */ = {isa = PBXBuildFile; fileRef = 929A3ED62D4B57EB00A37BC3 /* MultichannelExpansion.cpp */; };
		929A3EFE2D4B57EB00A37BC3 /* RandomOps.cpp in Sources */ = {isa = PBXBuildFile; fileRef = 929A3EDD2D4B57EB00A37BC3 /* RandomOps.cpp */; };
		929A3EFF2D4B57EB00A37BC3 /* DelayUGens.cpp in Sources */ = {isa = PBXBuildFile; fileRef = 929A3ECC2D4B57EB00A37BC3 /* DelayUGens.cpp */; };
		929A3F002D4B57EB00A37BC3 /* MathFuns.cpp in Sources */ = {isa = PBXBuildFile; fileRef = 929A3ED32D4B57EB00A37BC3 /* MathFuns.cpp */; };
		929A3F012D4B57EB00A37BC3 /* Midi.cpp in Sources */ = {isa = PBXBuildFile; fileRef = 929A3ED52D4B57EB00A37BC3 /* Midi.cpp */; };
		929A3F022D4B57EB00A37BC3 /* symbol.cpp in Sources */ = {isa = PBXBuildFile; fileRef = 929A3EE32D4B57EB00A37BC3 /* symbol.cpp */; };
		929A3F032D4B57EB00A37BC3 /* StreamOps.cpp in Sources */ = {isa = PBXBuildFile; fileRef = 929A3EE22D4B57EB00A37BC3 /* StreamOps.cpp */; };
		92B5B21E15B8F2CC00E55DFE /* CoreMIDI.framework in Frameworks */ = {isa = PBXBuildFile; fileRef = 92B5B21D15B8F2CB00E55DFE /* CoreMIDI.framework */; };
		92BF394A14C0E7E80056E46A /* Accelerate.framework in Frameworks */ = {isa = PBXBuildFile; fileRef = 92BF394914C0E7E80056E46A /* Accelerate.framework */; };
		92E3A53E13C168D800FF2592 /* AudioUnit.framework in Frameworks */ = {isa = PBXBuildFile; fileRef = 92E3A53D13C168D800FF2592 /* AudioUnit.framework */; };
		92E3F1BB15E610E8004EB5C8 /* Cocoa.framework in Frameworks */ = {isa = PBXBuildFile; fileRef = 92E3F1BA15E610E8004EB5C8 /* Cocoa.framework */; };
		92F25DBA13B63CAA007AED32 /* AudioToolbox.framework in Frameworks */ = {isa = PBXBuildFile; fileRef = 92F25DB913B63CAA007AED32 /* AudioToolbox.framework */; };
/* End PBXBuildFile section */

/* Begin PBXCopyFilesBuildPhase section */
		8DD76FAF0486AB0100D96B5E /* CopyFiles */ = {
			isa = PBXCopyFilesBuildPhase;
			buildActionMask = 8;
			dstPath = /usr/share/man/man1/;
			dstSubfolderSpec = 0;
			files = (
			);
			runOnlyForDeploymentPostprocessing = 1;
		};
/* End PBXCopyFilesBuildPhase section */

/* Begin PBXFileReference section */
		8DD76FB20486AB0100D96B5E /* sapf */ = {isa = PBXFileReference; explicitFileType = "compiled.mach-o.executable"; includeInIndex = 0; path = sapf; sourceTree = BUILT_PRODUCTS_DIR; };
		9202DFA82D49CDD1001A3339 /* COPYING */ = {isa = PBXFileReference; lastKnownFileType = text; path = COPYING; sourceTree = "<group>"; };
		920733FE147AEF6200F5419E /* README.txt */ = {isa = PBXFileReference; fileEncoding = 4; lastKnownFileType = text; path = README.txt; sourceTree = "<group>"; };
		920F92F514B058B800A03FFE /* Carbon.framework */ = {isa = PBXFileReference; lastKnownFileType = wrapper.framework; name = Carbon.framework; path = ../../../../../System/Library/Frameworks/Carbon.framework; sourceTree = "<group>"; };
		9219F9D7201B901200270C1E /* MantaMulti.h */ = {isa = PBXFileReference; fileEncoding = 4; lastKnownFileType = sourcecode.c.h; name = MantaMulti.h; path = libmanta/MantaMulti.h; sourceTree = "<group>"; };
		9219F9D8201B901200270C1E /* MantaUSB.h */ = {isa = PBXFileReference; fileEncoding = 4; lastKnownFileType = sourcecode.c.h; name = MantaUSB.h; path = libmanta/MantaUSB.h; sourceTree = "<group>"; };
		9219F9D9201B901200270C1E /* MantaExceptions.h */ = {isa = PBXFileReference; fileEncoding = 4; lastKnownFileType = sourcecode.c.h; name = MantaExceptions.h; path = libmanta/MantaExceptions.h; sourceTree = "<group>"; };
		9219F9DA201B901200270C1E /* MantaMulti.cpp */ = {isa = PBXFileReference; fileEncoding = 4; lastKnownFileType = sourcecode.cpp.cpp; name = MantaMulti.cpp; path = libmanta/MantaMulti.cpp; sourceTree = "<group>"; };
		9219F9DB201B901200270C1E /* Manta.cpp */ = {isa = PBXFileReference; fileEncoding = 4; lastKnownFileType = sourcecode.cpp.cpp; name = Manta.cpp; path = libmanta/Manta.cpp; sourceTree = "<group>"; };
		9219F9DC201B901200270C1E /* MantaClient.h */ = {isa = PBXFileReference; fileEncoding = 4; lastKnownFileType = sourcecode.c.h; name = MantaClient.h; path = libmanta/MantaClient.h; sourceTree = "<group>"; };
		9219F9DD201B901300270C1E /* MantaServer.h */ = {isa = PBXFileReference; fileEncoding = 4; lastKnownFileType = sourcecode.c.h; name = MantaServer.h; path = libmanta/MantaServer.h; sourceTree = "<group>"; };
		9219F9DE201B901300270C1E /* MantaVersion.h */ = {isa = PBXFileReference; fileEncoding = 4; lastKnownFileType = sourcecode.c.h; name = MantaVersion.h; path = libmanta/MantaVersion.h; sourceTree = "<group>"; };
		9219F9DF201B901300270C1E /* MantaUSB.cpp */ = {isa = PBXFileReference; fileEncoding = 4; lastKnownFileType = sourcecode.cpp.cpp; name = MantaUSB.cpp; path = libmanta/MantaUSB.cpp; sourceTree = "<group>"; };
		9219F9E0201B901300270C1E /* Manta.h */ = {isa = PBXFileReference; fileEncoding = 4; lastKnownFileType = sourcecode.c.h; name = Manta.h; path = libmanta/Manta.h; sourceTree = "<group>"; };
		9219F9E7201B952600270C1E /* hid.c */ = {isa = PBXFileReference; fileEncoding = 4; lastKnownFileType = sourcecode.c.c; name = hid.c; path = libmanta/extern/hidapi/mac/hid.c; sourceTree = "<group>"; };
		9219F9E8201B952600270C1E /* hidapi.h */ = {isa = PBXFileReference; fileEncoding = 4; lastKnownFileType = sourcecode.c.h; name = hidapi.h; path = libmanta/extern/hidapi/hidapi/hidapi.h; sourceTree = "<group>"; };
		9219F9EB201B95B900270C1E /* IOKit.framework */ = {isa = PBXFileReference; lastKnownFileType = wrapper.framework; name = IOKit.framework; path = Platforms/MacOSX.platform/Developer/SDKs/MacOSX10.13.sdk/System/Library/Frameworks/IOKit.framework; sourceTree = DEVELOPER_DIR; };
		922974CE12A70E6200406390 /* CoreServices.framework */ = {isa = PBXFileReference; lastKnownFileType = wrapper.framework; name = CoreServices.framework; path = /System/Library/Frameworks/CoreServices.framework; sourceTree = "<absolute>"; };
		9275EA221348F4A000C3AA3D /* unit-tests2.txt */ = {isa = PBXFileReference; fileEncoding = 4; lastKnownFileType = text; path = "unit-tests2.txt"; sourceTree = "<group>"; };
		928A222D12A9DCAE00700D79 /* libedit.a */ = {isa = PBXFileReference; lastKnownFileType = archive.ar; name = libedit.a; path = /usr/local/lib/libedit.a; sourceTree = "<absolute>"; };
		929A3EAF2D4B57EB00A37BC3 /* clz.hpp */ = {isa = PBXFileReference; lastKnownFileType = sourcecode.cpp.h; path = clz.hpp; sourceTree = "<group>"; };
		929A3EB02D4B57EB00A37BC3 /* DelayUGens.hpp */ = {isa = PBXFileReference; lastKnownFileType = sourcecode.cpp.h; path = DelayUGens.hpp; sourceTree = "<group>"; };
		929A3EB12D4B57EB00A37BC3 /* dsp.hpp */ = {isa = PBXFileReference; lastKnownFileType = sourcecode.cpp.h; path = dsp.hpp; sourceTree = "<group>"; };
		929A3EB22D4B57EB00A37BC3 /* elapsedTime.hpp */ = {isa = PBXFileReference; lastKnownFileType = sourcecode.cpp.h; path = elapsedTime.hpp; sourceTree = "<group>"; };
		929A3EB32D4B57EB00A37BC3 /* ErrorCodes.hpp */ = {isa = PBXFileReference; lastKnownFileType = sourcecode.cpp.h; path = ErrorCodes.hpp; sourceTree = "<group>"; };
		929A3EB42D4B57EB00A37BC3 /* FilterUGens.hpp */ = {isa = PBXFileReference; lastKnownFileType = sourcecode.cpp.h; path = FilterUGens.hpp; sourceTree = "<group>"; };
		929A3EB52D4B57EB00A37BC3 /* Hash.hpp */ = {isa = PBXFileReference; lastKnownFileType = sourcecode.cpp.h; path = Hash.hpp; sourceTree = "<group>"; };
		929A3EB62D4B57EB00A37BC3 /* makeImage.hpp */ = {isa = PBXFileReference; lastKnownFileType = sourcecode.cpp.h; path = makeImage.hpp; sourceTree = "<group>"; };
		929A3EB72D4B57EB00A37BC3 /* MathFuns.hpp */ = {isa = PBXFileReference; lastKnownFileType = sourcecode.cpp.h; path = MathFuns.hpp; sourceTree = "<group>"; };
		929A3EB82D4B57EB00A37BC3 /* MathOps.hpp */ = {isa = PBXFileReference; lastKnownFileType = sourcecode.cpp.h; path = MathOps.hpp; sourceTree = "<group>"; };
		929A3EB92D4B57EB00A37BC3 /* Midi.hpp */ = {isa = PBXFileReference; lastKnownFileType = sourcecode.cpp.h; path = Midi.hpp; sourceTree = "<group>"; };
		929A3EBA2D4B57EB00A37BC3 /* MultichannelExpansion.hpp */ = {isa = PBXFileReference; lastKnownFileType = sourcecode.cpp.h; path = MultichannelExpansion.hpp; sourceTree = "<group>"; };
		929A3EBB2D4B57EB00A37BC3 /* Object.hpp */ = {isa = PBXFileReference; lastKnownFileType = sourcecode.cpp.h; path = Object.hpp; sourceTree = "<group>"; };
		929A3EBC2D4B57EB00A37BC3 /* Opcode.hpp */ = {isa = PBXFileReference; lastKnownFileType = sourcecode.cpp.h; path = Opcode.hpp; sourceTree = "<group>"; };
		929A3EBD2D4B57EB00A37BC3 /* OscilUGens.hpp */ = {isa = PBXFileReference; lastKnownFileType = sourcecode.cpp.h; path = OscilUGens.hpp; sourceTree = "<group>"; };
		929A3EBE2D4B57EB00A37BC3 /* Parser.hpp */ = {isa = PBXFileReference; lastKnownFileType = sourcecode.cpp.h; path = Parser.hpp; sourceTree = "<group>"; };
		929A3EBF2D4B57EB00A37BC3 /* Play.hpp */ = {isa = PBXFileReference; lastKnownFileType = sourcecode.cpp.h; path = Play.hpp; sourceTree = "<group>"; };
		929A3EC02D4B57EB00A37BC3 /* primes.hpp */ = {isa = PBXFileReference; lastKnownFileType = sourcecode.cpp.h; path = primes.hpp; sourceTree = "<group>"; };
		929A3EC12D4B57EB00A37BC3 /* rc_ptr.hpp */ = {isa = PBXFileReference; lastKnownFileType = sourcecode.cpp.h; path = rc_ptr.hpp; sourceTree = "<group>"; };
		929A3EC22D4B57EB00A37BC3 /* RCObj.hpp */ = {isa = PBXFileReference; lastKnownFileType = sourcecode.cpp.h; path = RCObj.hpp; sourceTree = "<group>"; };
		929A3EC32D4B57EB00A37BC3 /* rgen.hpp */ = {isa = PBXFileReference; lastKnownFileType = sourcecode.cpp.h; path = rgen.hpp; sourceTree = "<group>"; };
		929A3EC42D4B57EB00A37BC3 /* SoundFiles.hpp */ = {isa = PBXFileReference; lastKnownFileType = sourcecode.cpp.h; path = SoundFiles.hpp; sourceTree = "<group>"; };
		929A3EC52D4B57EB00A37BC3 /* Spectrogram.hpp */ = {isa = PBXFileReference; lastKnownFileType = sourcecode.cpp.h; path = Spectrogram.hpp; sourceTree = "<group>"; };
		929A3EC62D4B57EB00A37BC3 /* symbol.hpp */ = {isa = PBXFileReference; lastKnownFileType = sourcecode.cpp.h; path = symbol.hpp; sourceTree = "<group>"; };
		929A3EC72D4B57EB00A37BC3 /* Types.hpp */ = {isa = PBXFileReference; lastKnownFileType = sourcecode.cpp.h; path = Types.hpp; sourceTree = "<group>"; };
		929A3EC82D4B57EB00A37BC3 /* UGen.hpp */ = {isa = PBXFileReference; lastKnownFileType = sourcecode.cpp.h; path = UGen.hpp; sourceTree = "<group>"; };
		929A3EC92D4B57EB00A37BC3 /* VM.hpp */ = {isa = PBXFileReference; lastKnownFileType = sourcecode.cpp.h; path = VM.hpp; sourceTree = "<group>"; };
		929A3ECB2D4B57EB00A37BC3 /* CoreOps.cpp */ = {isa = PBXFileReference; lastKnownFileType = sourcecode.cpp.cpp; path = CoreOps.cpp; sourceTree = "<group>"; };
		929A3ECC2D4B57EB00A37BC3 /* DelayUGens.cpp */ = {isa = PBXFileReference; lastKnownFileType = sourcecode.cpp.cpp; path = DelayUGens.cpp; sourceTree = "<group>"; };
		929A3ECD2D4B57EB00A37BC3 /* dsp.cpp */ = {isa = PBXFileReference; lastKnownFileType = sourcecode.cpp.cpp; path = dsp.cpp; sourceTree = "<group>"; };
		929A3ECE2D4B57EB00A37BC3 /* elapsedTime.cpp */ = {isa = PBXFileReference; lastKnownFileType = sourcecode.cpp.cpp; path = elapsedTime.cpp; sourceTree = "<group>"; };
		929A3ECF2D4B57EB00A37BC3 /* ErrorCodes.cpp */ = {isa = PBXFileReference; lastKnownFileType = sourcecode.cpp.cpp; path = ErrorCodes.cpp; sourceTree = "<group>"; };
		929A3ED02D4B57EB00A37BC3 /* FilterUGens.cpp */ = {isa = PBXFileReference; lastKnownFileType = sourcecode.cpp.cpp; path = FilterUGens.cpp; sourceTree = "<group>"; };
		929A3ED12D4B57EB00A37BC3 /* main.cpp */ = {isa = PBXFileReference; lastKnownFileType = sourcecode.cpp.cpp; path = main.cpp; sourceTree = "<group>"; };
		929A3ED22D4B57EB00A37BC3 /* makeImage.mm */ = {isa = PBXFileReference; lastKnownFileType = sourcecode.cpp.objcpp; path = makeImage.mm; sourceTree = "<group>"; };
		929A3ED32D4B57EB00A37BC3 /* MathFuns.cpp */ = {isa = PBXFileReference; lastKnownFileType = sourcecode.cpp.cpp; path = MathFuns.cpp; sourceTree = "<group>"; };
		929A3ED42D4B57EB00A37BC3 /* MathOps.cpp */ = {isa = PBXFileReference; lastKnownFileType = sourcecode.cpp.cpp; path = MathOps.cpp; sourceTree = "<group>"; };
		929A3ED52D4B57EB00A37BC3 /* Midi.cpp */ = {isa = PBXFileReference; lastKnownFileType = sourcecode.cpp.cpp; path = Midi.cpp; sourceTree = "<group>"; };
		929A3ED62D4B57EB00A37BC3 /* MultichannelExpansion.cpp */ = {isa = PBXFileReference; lastKnownFileType = sourcecode.cpp.cpp; path = MultichannelExpansion.cpp; sourceTree = "<group>"; };
		929A3ED72D4B57EB00A37BC3 /* Object.cpp */ = {isa = PBXFileReference; lastKnownFileType = sourcecode.cpp.cpp; path = Object.cpp; sourceTree = "<group>"; };
		929A3ED82D4B57EB00A37BC3 /* Opcode.cpp */ = {isa = PBXFileReference; lastKnownFileType = sourcecode.cpp.cpp; path = Opcode.cpp; sourceTree = "<group>"; };
		929A3ED92D4B57EB00A37BC3 /* OscilUGens.cpp */ = {isa = PBXFileReference; lastKnownFileType = sourcecode.cpp.cpp; path = OscilUGens.cpp; sourceTree = "<group>"; };
		929A3EDA2D4B57EB00A37BC3 /* Parser.cpp */ = {isa = PBXFileReference; lastKnownFileType = sourcecode.cpp.cpp; path = Parser.cpp; sourceTree = "<group>"; };
		929A3EDB2D4B57EB00A37BC3 /* Play.cpp */ = {isa = PBXFileReference; lastKnownFileType = sourcecode.cpp.cpp; path = Play.cpp; sourceTree = "<group>"; };
		929A3EDC2D4B57EB00A37BC3 /* primes.cpp */ = {isa = PBXFileReference; lastKnownFileType = sourcecode.cpp.cpp; path = primes.cpp; sourceTree = "<group>"; };
		929A3EDD2D4B57EB00A37BC3 /* RandomOps.cpp */ = {isa = PBXFileReference; lastKnownFileType = sourcecode.cpp.cpp; path = RandomOps.cpp; sourceTree = "<group>"; };
		929A3EDE2D4B57EB00A37BC3 /* RCObj.cpp */ = {isa = PBXFileReference; lastKnownFileType = sourcecode.cpp.cpp; path = RCObj.cpp; sourceTree = "<group>"; };
		929A3EDF2D4B57EB00A37BC3 /* SetOps.cpp */ = {isa = PBXFileReference; lastKnownFileType = sourcecode.cpp.cpp; path = SetOps.cpp; sourceTree = "<group>"; };
		929A3EE02D4B57EB00A37BC3 /* SoundFiles.cpp */ = {isa = PBXFileReference; lastKnownFileType = sourcecode.cpp.cpp; path = SoundFiles.cpp; sourceTree = "<group>"; };
		929A3EE12D4B57EB00A37BC3 /* Spectrogram.cpp */ = {isa = PBXFileReference; lastKnownFileType = sourcecode.cpp.cpp; path = Spectrogram.cpp; sourceTree = "<group>"; };
		929A3EE22D4B57EB00A37BC3 /* StreamOps.cpp */ = {isa = PBXFileReference; lastKnownFileType = sourcecode.cpp.cpp; path = StreamOps.cpp; sourceTree = "<group>"; };
		929A3EE32D4B57EB00A37BC3 /* symbol.cpp */ = {isa = PBXFileReference; lastKnownFileType = sourcecode.cpp.cpp; path = symbol.cpp; sourceTree = "<group>"; };
		929A3EE42D4B57EB00A37BC3 /* Types.cpp */ = {isa = PBXFileReference; lastKnownFileType = sourcecode.cpp.cpp; path = Types.cpp; sourceTree = "<group>"; };
		929A3EE52D4B57EB00A37BC3 /* UGen.cpp */ = {isa = PBXFileReference; lastKnownFileType = sourcecode.cpp.cpp; path = UGen.cpp; sourceTree = "<group>"; };
		929A3EE62D4B57EB00A37BC3 /* VM.cpp */ = {isa = PBXFileReference; lastKnownFileType = sourcecode.cpp.cpp; path = VM.cpp; sourceTree = "<group>"; };
		92B5B21D15B8F2CB00E55DFE /* CoreMIDI.framework */ = {isa = PBXFileReference; lastKnownFileType = wrapper.framework; name = CoreMIDI.framework; path = ../../../../../System/Library/Frameworks/CoreMIDI.framework; sourceTree = "<group>"; };
		92BF394914C0E7E80056E46A /* Accelerate.framework */ = {isa = PBXFileReference; lastKnownFileType = wrapper.framework; name = Accelerate.framework; path = ../../../../../System/Library/Frameworks/Accelerate.framework; sourceTree = "<group>"; };
		92E3A53D13C168D800FF2592 /* AudioUnit.framework */ = {isa = PBXFileReference; lastKnownFileType = wrapper.framework; name = AudioUnit.framework; path = /System/Library/Frameworks/AudioUnit.framework; sourceTree = "<absolute>"; };
		92E3F1BA15E610E8004EB5C8 /* Cocoa.framework */ = {isa = PBXFileReference; lastKnownFileType = wrapper.framework; name = Cocoa.framework; path = ../../../../../System/Library/Frameworks/Cocoa.framework; sourceTree = "<group>"; };
		92F25DB913B63CAA007AED32 /* AudioToolbox.framework */ = {isa = PBXFileReference; lastKnownFileType = wrapper.framework; name = AudioToolbox.framework; path = ../../../../../System/Library/Frameworks/AudioToolbox.framework; sourceTree = "<group>"; };
/* End PBXFileReference section */

/* Begin PBXFrameworksBuildPhase section */
		8DD76FAD0486AB0100D96B5E /* Frameworks */ = {
			isa = PBXFrameworksBuildPhase;
			buildActionMask = 2147483647;
			files = (
				9219F9EC201B95B900270C1E /* IOKit.framework in Frameworks */,
				922974CF12A70E6200406390 /* CoreServices.framework in Frameworks */,
				928A222F12A9DCAE00700D79 /* libedit.a in Frameworks */,
				92F25DBA13B63CAA007AED32 /* AudioToolbox.framework in Frameworks */,
				92E3A53E13C168D800FF2592 /* AudioUnit.framework in Frameworks */,
				920F92F614B058B800A03FFE /* Carbon.framework in Frameworks */,
				92BF394A14C0E7E80056E46A /* Accelerate.framework in Frameworks */,
				92B5B21E15B8F2CC00E55DFE /* CoreMIDI.framework in Frameworks */,
				92E3F1BB15E610E8004EB5C8 /* Cocoa.framework in Frameworks */,
			);
			runOnlyForDeploymentPostprocessing = 0;
		};
/* End PBXFrameworksBuildPhase section */

/* Begin PBXGroup section */
		08FB7794FE84155DC02AAC07 /* taggeddoubles */ = {
			isa = PBXGroup;
			children = (
				08FB7795FE84155DC02AAC07 /* Source */,
				C6A0FF2B0290797F04C91782 /* Documentation */,
				1AB674ADFE9D54B511CA2CBB /* Products */,
				9219F9EA201B95B800270C1E /* Frameworks */,
			);
			name = taggeddoubles;
			sourceTree = "<group>";
		};
		08FB7795FE84155DC02AAC07 /* Source */ = {
			isa = PBXGroup;
			children = (
				920733FE147AEF6200F5419E /* README.txt */,
				9202DFA82D49CDD1001A3339 /* COPYING */,
				929A3ECA2D4B57EB00A37BC3 /* include */,
				929A3EE72D4B57EB00A37BC3 /* src */,
				9219F9D6201B8FFD00270C1E /* libmanta */,
				9275EA221348F4A000C3AA3D /* unit-tests2.txt */,
				928A222D12A9DCAE00700D79 /* libedit.a */,
				92E3F1BA15E610E8004EB5C8 /* Cocoa.framework */,
				92B5B21D15B8F2CB00E55DFE /* CoreMIDI.framework */,
				92BF394914C0E7E80056E46A /* Accelerate.framework */,
				920F92F514B058B800A03FFE /* Carbon.framework */,
				92F25DB913B63CAA007AED32 /* AudioToolbox.framework */,
				92E3A53D13C168D800FF2592 /* AudioUnit.framework */,
				922974CE12A70E6200406390 /* CoreServices.framework */,
			);
			name = Source;
			sourceTree = "<group>";
		};
		1AB674ADFE9D54B511CA2CBB /* Products */ = {
			isa = PBXGroup;
			children = (
				8DD76FB20486AB0100D96B5E /* sapf */,
			);
			name = Products;
			sourceTree = "<group>";
		};
		9219F9D6201B8FFD00270C1E /* libmanta */ = {
			isa = PBXGroup;
			children = (
				9219F9E6201B950100270C1E /* extern */,
				9219F9DB201B901200270C1E /* Manta.cpp */,
				9219F9E0201B901300270C1E /* Manta.h */,
				9219F9DC201B901200270C1E /* MantaClient.h */,
				9219F9D9201B901200270C1E /* MantaExceptions.h */,
				9219F9DA201B901200270C1E /* MantaMulti.cpp */,
				9219F9D7201B901200270C1E /* MantaMulti.h */,
				9219F9DD201B901300270C1E /* MantaServer.h */,
				9219F9DF201B901300270C1E /* MantaUSB.cpp */,
				9219F9D8201B901200270C1E /* MantaUSB.h */,
				9219F9DE201B901300270C1E /* MantaVersion.h */,
			);
			name = libmanta;
			sourceTree = "<group>";
		};
		9219F9E6201B950100270C1E /* extern */ = {
			isa = PBXGroup;
			children = (
				9219F9E7201B952600270C1E /* hid.c */,
				9219F9E8201B952600270C1E /* hidapi.h */,
			);
			name = extern;
			sourceTree = "<group>";
		};
		9219F9EA201B95B800270C1E /* Frameworks */ = {
			isa = PBXGroup;
			children = (
				9219F9EB201B95B900270C1E /* IOKit.framework */,
			);
			name = Frameworks;
			sourceTree = "<group>";
		};
		929A3ECA2D4B57EB00A37BC3 /* include */ = {
			isa = PBXGroup;
			children = (
				929A3EAF2D4B57EB00A37BC3 /* clz.hpp */,
				929A3EB02D4B57EB00A37BC3 /* DelayUGens.hpp */,
				929A3EB12D4B57EB00A37BC3 /* dsp.hpp */,
				929A3EB22D4B57EB00A37BC3 /* elapsedTime.hpp */,
				929A3EB32D4B57EB00A37BC3 /* ErrorCodes.hpp */,
				929A3EB42D4B57EB00A37BC3 /* FilterUGens.hpp */,
				929A3EB52D4B57EB00A37BC3 /* Hash.hpp */,
				929A3EB62D4B57EB00A37BC3 /* makeImage.hpp */,
				929A3EB72D4B57EB00A37BC3 /* MathFuns.hpp */,
				929A3EB82D4B57EB00A37BC3 /* MathOps.hpp */,
				929A3EB92D4B57EB00A37BC3 /* Midi.hpp */,
				929A3EBA2D4B57EB00A37BC3 /* MultichannelExpansion.hpp */,
				929A3EBB2D4B57EB00A37BC3 /* Object.hpp */,
				929A3EBC2D4B57EB00A37BC3 /* Opcode.hpp */,
				929A3EBD2D4B57EB00A37BC3 /* OscilUGens.hpp */,
				929A3EBE2D4B57EB00A37BC3 /* Parser.hpp */,
				929A3EBF2D4B57EB00A37BC3 /* Play.hpp */,
				929A3EC02D4B57EB00A37BC3 /* primes.hpp */,
				929A3EC12D4B57EB00A37BC3 /* rc_ptr.hpp */,
				929A3EC22D4B57EB00A37BC3 /* RCObj.hpp */,
				929A3EC32D4B57EB00A37BC3 /* rgen.hpp */,
				929A3EC42D4B57EB00A37BC3 /* SoundFiles.hpp */,
				929A3EC52D4B57EB00A37BC3 /* Spectrogram.hpp */,
				929A3EC62D4B57EB00A37BC3 /* symbol.hpp */,
				929A3EC72D4B57EB00A37BC3 /* Types.hpp */,
				929A3EC82D4B57EB00A37BC3 /* UGen.hpp */,
				929A3EC92D4B57EB00A37BC3 /* VM.hpp */,
			);
			path = include;
			sourceTree = "<group>";
		};
		929A3EE72D4B57EB00A37BC3 /* src */ = {
			isa = PBXGroup;
			children = (
				929A3ECB2D4B57EB00A37BC3 /* CoreOps.cpp */,
				929A3ECC2D4B57EB00A37BC3 /* DelayUGens.cpp */,
				929A3ECD2D4B57EB00A37BC3 /* dsp.cpp */,
				929A3ECE2D4B57EB00A37BC3 /* elapsedTime.cpp */,
				929A3ECF2D4B57EB00A37BC3 /* ErrorCodes.cpp */,
				929A3ED02D4B57EB00A37BC3 /* FilterUGens.cpp */,
				929A3ED12D4B57EB00A37BC3 /* main.cpp */,
				929A3ED22D4B57EB00A37BC3 /* makeImage.mm */,
				929A3ED32D4B57EB00A37BC3 /* MathFuns.cpp */,
				929A3ED42D4B57EB00A37BC3 /* MathOps.cpp */,
				929A3ED52D4B57EB00A37BC3 /* Midi.cpp */,
				929A3ED62D4B57EB00A37BC3 /* MultichannelExpansion.cpp */,
				929A3ED72D4B57EB00A37BC3 /* Object.cpp */,
				929A3ED82D4B57EB00A37BC3 /* Opcode.cpp */,
				929A3ED92D4B57EB00A37BC3 /* OscilUGens.cpp */,
				929A3EDA2D4B57EB00A37BC3 /* Parser.cpp */,
				929A3EDB2D4B57EB00A37BC3 /* Play.cpp */,
				929A3EDC2D4B57EB00A37BC3 /* primes.cpp */,
				929A3EDD2D4B57EB00A37BC3 /* RandomOps.cpp */,
				929A3EDE2D4B57EB00A37BC3 /* RCObj.cpp */,
				929A3EDF2D4B57EB00A37BC3 /* SetOps.cpp */,
				929A3EE02D4B57EB00A37BC3 /* SoundFiles.cpp */,
				929A3EE12D4B57EB00A37BC3 /* Spectrogram.cpp */,
				929A3EE22D4B57EB00A37BC3 /* StreamOps.cpp */,
				929A3EE32D4B57EB00A37BC3 /* symbol.cpp */,
				929A3EE42D4B57EB00A37BC3 /* Types.cpp */,
				929A3EE52D4B57EB00A37BC3 /* UGen.cpp */,
				929A3EE62D4B57EB00A37BC3 /* VM.cpp */,
			);
			path = src;
			sourceTree = "<group>";
		};
		C6A0FF2B0290797F04C91782 /* Documentation */ = {
			isa = PBXGroup;
			children = (
			);
			name = Documentation;
			sourceTree = "<group>";
		};
/* End PBXGroup section */

/* Begin PBXNativeTarget section */
		8DD76FA90486AB0100D96B5E /* SoundAsPureForm */ = {
			isa = PBXNativeTarget;
			buildConfigurationList = 1DEB928508733DD80010E9CD /* Build configuration list for PBXNativeTarget "SoundAsPureForm" */;
			buildPhases = (
				8DD76FAB0486AB0100D96B5E /* Sources */,
				8DD76FAD0486AB0100D96B5E /* Frameworks */,
				8DD76FAF0486AB0100D96B5E /* CopyFiles */,
			);
			buildRules = (
			);
			dependencies = (
			);
			name = SoundAsPureForm;
			productInstallPath = "$(HOME)/bin";
			productName = taggeddoubles;
			productReference = 8DD76FB20486AB0100D96B5E /* sapf */;
			productType = "com.apple.product-type.tool";
		};
/* End PBXNativeTarget section */

/* Begin PBXProject section */
		08FB7793FE84155DC02AAC07 /* Project object */ = {
			isa = PBXProject;
			attributes = {
				LastSwiftUpdateCheck = 0700;
			};
			buildConfigurationList = 1DEB928908733DD80010E9CD /* Build configuration list for PBXProject "SoundAsPureForm" */;
			compatibilityVersion = "Xcode 3.1";
			developmentRegion = English;
			hasScannedForEncodings = 1;
			knownRegions = (
				English,
				Japanese,
				French,
				German,
			);
			mainGroup = 08FB7794FE84155DC02AAC07 /* taggeddoubles */;
			projectDirPath = "";
			projectRoot = "";
			targets = (
				8DD76FA90486AB0100D96B5E /* SoundAsPureForm */,
			);
		};
/* End PBXProject section */

/* Begin PBXSourcesBuildPhase section */
		8DD76FAB0486AB0100D96B5E /* Sources */ = {
			isa = PBXSourcesBuildPhase;
			buildActionMask = 2147483647;
			files = (
				9219F9E3201B901300270C1E /* MantaUSB.cpp in Sources */,
				929A3EE82D4B57EB00A37BC3 /* VM.cpp in Sources */,
				929A3EE92D4B57EB00A37BC3 /* primes.cpp in Sources */,
				929A3EEA2D4B57EB00A37BC3 /* dsp.cpp in Sources */,
				929A3EEB2D4B57EB00A37BC3 /* RCObj.cpp in Sources */,
				929A3EEC2D4B57EB00A37BC3 /* FilterUGens.cpp in Sources */,
				929A3EED2D4B57EB00A37BC3 /* CoreOps.cpp in Sources */,
				929A3EEE2D4B57EB00A37BC3 /* ErrorCodes.cpp in Sources */,
				929A3EEF2D4B57EB00A37BC3 /* OscilUGens.cpp in Sources */,
				929A3EF02D4B57EB00A37BC3 /* Types.cpp in Sources */,
				929A3EF12D4B57EB00A37BC3 /* Object.cpp in Sources */,
				929A3EF22D4B57EB00A37BC3 /* Spectrogram.cpp in Sources */,
				929A3EF32D4B57EB00A37BC3 /* Parser.cpp in Sources */,
				929A3EF42D4B57EB00A37BC3 /* UGen.cpp in Sources */,
				929A3EF52D4B57EB00A37BC3 /* main.cpp in Sources */,
				929A3EF62D4B57EB00A37BC3 /* Play.cpp in Sources */,
				929A3EF72D4B57EB00A37BC3 /* Opcode.cpp in Sources */,
				929A3EF82D4B57EB00A37BC3 /* elapsedTime.cpp in Sources */,
				929A3EF92D4B57EB00A37BC3 /* MathOps.cpp in Sources */,
				929A3EFA2D4B57EB00A37BC3 /* SetOps.cpp in Sources */,
				929A3EFB2D4B57EB00A37BC3 /* SoundFiles.cpp in Sources */,
				929A3EFC2D4B57EB00A37BC3 /* makeImage.mm in Sources */,
				929A3EFD2D4B57EB00A37BC3 /* MultichannelExpansion.cpp in Sources */,
				929A3EFE2D4B57EB00A37BC3 /* RandomOps.cpp in Sources */,
				929A3EFF2D4B57EB00A37BC3 /* DelayUGens.cpp in Sources */,
				929A3F002D4B57EB00A37BC3 /* MathFuns.cpp in Sources */,
				929A3F012D4B57EB00A37BC3 /* Midi.cpp in Sources */,
				929A3F022D4B57EB00A37BC3 /* symbol.cpp in Sources */,
				929A3F032D4B57EB00A37BC3 /* StreamOps.cpp in Sources */,
				9219F9E1201B901300270C1E /* MantaMulti.cpp in Sources */,
				9219F9E2201B901300270C1E /* Manta.cpp in Sources */,
				9219F9E9201B952600270C1E /* hid.c in Sources */,
			);
			runOnlyForDeploymentPostprocessing = 0;
		};
/* End PBXSourcesBuildPhase section */

/* Begin XCBuildConfiguration section */
		1DEB928608733DD80010E9CD /* Debug */ = {
			isa = XCBuildConfiguration;
			buildSettings = {
				ALWAYS_SEARCH_USER_PATHS = NO;
				CLANG_CXX_LANGUAGE_STANDARD = "c++17";
				COPY_PHASE_STRIP = NO;
				GCC_DYNAMIC_NO_PIC = NO;
				GCC_ENABLE_FIX_AND_CONTINUE = YES;
				GCC_MODEL_TUNING = G5;
				GCC_OPTIMIZATION_LEVEL = 0;
				GCC_VERSION = "";
				INSTALL_PATH = /usr/local/bin;
				MACOSX_DEPLOYMENT_TARGET = 11.0;
				ONLY_ACTIVE_ARCH = YES;
				PRODUCT_NAME = sapf;
				SDKROOT = macosx;
				xxx = "";
			};
			name = Debug;
		};
		1DEB928708733DD80010E9CD /* Release */ = {
			isa = XCBuildConfiguration;
			buildSettings = {
				ALWAYS_SEARCH_USER_PATHS = NO;
				CLANG_CXX_LANGUAGE_STANDARD = "c++17";
				DEBUG_INFORMATION_FORMAT = "dwarf-with-dsym";
				GCC_MODEL_TUNING = G5;
				GCC_VERSION = "";
				INSTALL_PATH = /usr/local/bin;
				MACOSX_DEPLOYMENT_TARGET = 11.0;
				ONLY_ACTIVE_ARCH = NO;
				PRODUCT_NAME = sapf;
				SDKROOT = macosx;
				VALID_ARCHS = "x86_64 x86_64h arm64 arm64e";
				xxx = "";
			};
			name = Release;
		};
		1DEB928A08733DD80010E9CD /* Debug */ = {
			isa = XCBuildConfiguration;
			buildSettings = {
				ARCHS = "$(ARCHS_STANDARD_64_BIT)";
				CLANG_CXX_LANGUAGE_STANDARD = "c++0x";
				CLANG_CXX_LIBRARY = "libc++";
				GCC_C_LANGUAGE_STANDARD = c99;
				GCC_OPTIMIZATION_LEVEL = 0;
				GCC_TREAT_IMPLICIT_FUNCTION_DECLARATIONS_AS_ERRORS = YES;
				GCC_VERSION = com.apple.compilers.llvm.clang.1_0;
				GCC_WARN_ABOUT_MISSING_FIELD_INITIALIZERS = YES;
				GCC_WARN_ABOUT_MISSING_NEWLINE = YES;
				GCC_WARN_ABOUT_MISSING_PROTOTYPES = YES;
				GCC_WARN_ABOUT_RETURN_TYPE = YES;
				GCC_WARN_EFFECTIVE_CPLUSPLUS_VIOLATIONS = NO;
				GCC_WARN_HIDDEN_VIRTUAL_FUNCTIONS = YES;
				GCC_WARN_INITIALIZER_NOT_FULLY_BRACKETED = NO;
				GCC_WARN_MISSING_PARENTHESES = YES;
				GCC_WARN_NON_VIRTUAL_DESTRUCTOR = YES;
				GCC_WARN_PEDANTIC = NO;
				GCC_WARN_PROTOTYPE_CONVERSION = NO;
				GCC_WARN_SHADOW = YES;
				GCC_WARN_SIGN_COMPARE = YES;
				GCC_WARN_UNDECLARED_SELECTOR = YES;
				GCC_WARN_UNINITIALIZED_AUTOS = YES;
				GCC_WARN_UNUSED_FUNCTION = NO;
				GCC_WARN_UNUSED_LABEL = YES;
				GCC_WARN_UNUSED_VALUE = YES;
				GCC_WARN_UNUSED_VARIABLE = YES;
				HEADER_SEARCH_PATHS = /usr/local/include;
				LIBRARY_SEARCH_PATHS = /usr/local/lib;
				MACOSX_DEPLOYMENT_TARGET = 10.10;
				ONLY_ACTIVE_ARCH = YES;
				PREBINDING = NO;
				PRODUCT_NAME = sapf;
				SDKROOT = macosx10.11;
			};
			name = Debug;
		};
		1DEB928B08733DD80010E9CD /* Release */ = {
			isa = XCBuildConfiguration;
			buildSettings = {
				ARCHS = "$(ARCHS_STANDARD_64_BIT)";
				CLANG_CXX_LANGUAGE_STANDARD = "c++0x";
				CLANG_CXX_LIBRARY = "libc++";
				GCC_C_LANGUAGE_STANDARD = c99;
				GCC_OPTIMIZATION_LEVEL = 3;
				GCC_TREAT_IMPLICIT_FUNCTION_DECLARATIONS_AS_ERRORS = YES;
				GCC_VERSION = com.apple.compilers.llvm.clang.1_0;
				GCC_WARN_ABOUT_MISSING_FIELD_INITIALIZERS = YES;
				GCC_WARN_ABOUT_MISSING_NEWLINE = YES;
				GCC_WARN_ABOUT_MISSING_PROTOTYPES = YES;
				GCC_WARN_ABOUT_RETURN_TYPE = YES;
				GCC_WARN_EFFECTIVE_CPLUSPLUS_VIOLATIONS = NO;
				GCC_WARN_HIDDEN_VIRTUAL_FUNCTIONS = YES;
				GCC_WARN_INITIALIZER_NOT_FULLY_BRACKETED = NO;
				GCC_WARN_MISSING_PARENTHESES = YES;
				GCC_WARN_NON_VIRTUAL_DESTRUCTOR = YES;
				GCC_WARN_PEDANTIC = NO;
				GCC_WARN_PROTOTYPE_CONVERSION = NO;
				GCC_WARN_SHADOW = YES;
				GCC_WARN_SIGN_COMPARE = YES;
				GCC_WARN_UNDECLARED_SELECTOR = YES;
				GCC_WARN_UNINITIALIZED_AUTOS = YES;
				GCC_WARN_UNUSED_FUNCTION = NO;
				GCC_WARN_UNUSED_LABEL = YES;
				GCC_WARN_UNUSED_VALUE = YES;
				GCC_WARN_UNUSED_VARIABLE = YES;
				HEADER_SEARCH_PATHS = /usr/local/include;
				LIBRARY_SEARCH_PATHS = /usr/local/lib;
				MACOSX_DEPLOYMENT_TARGET = 10.10;
				PREBINDING = NO;
				PRODUCT_NAME = sapf;
				SDKROOT = macosx10.11;
				VALID_ARCHS = x86_64;
			};
			name = Release;
		};
/* End XCBuildConfiguration section */

/* Begin XCConfigurationList section */
		1DEB928508733DD80010E9CD /* Build configuration list for PBXNativeTarget "SoundAsPureForm" */ = {
			isa = XCConfigurationList;
			buildConfigurations = (
				1DEB928608733DD80010E9CD /* Debug */,
				1DEB928708733DD80010E9CD /* Release */,
			);
			defaultConfigurationIsVisible = 0;
			defaultConfigurationName = Release;
		};
		1DEB928908733DD80010E9CD /* Build configuration list for PBXProject "SoundAsPureForm" */ = {
			isa = XCConfigurationList;
			buildConfigurations = (
				1DEB928A08733DD80010E9CD /* Debug */,
				1DEB928B08733DD80010E9CD /* Release */,
			);
			defaultConfigurationIsVisible = 0;
			defaultConfigurationName = Release;
		};
/* End XCConfigurationList section */
	};
	rootObject = 08FB7793FE84155DC02AAC07 /* Project object */;
}
